
Microsoft Visual Studio Solution File, Format Version 12.00
# Visual Studio 15
VisualStudioVersion = 15.0.28307.645
MinimumVisualStudioVersion = 10.0.40219.1
Project("{FAE04EC0-301F-11D3-BF4B-00C04F79EFBC}") = "CertReqClient", "CertReqClient\CertReqClient.csproj", "{6E783622-CC42-4096-8C98-A3404C65191C}"
EndProject
Global
	GlobalSection(SolutionConfigurationPlatforms) = preSolution
		Debug|Any CPU = Debug|Any CPU
		Release|Any CPU = Release|Any CPU
	EndGlobalSection
	GlobalSection(ProjectConfigurationPlatforms) = postSolution
		{6E783622-CC42-4096-8C98-A3404C65191C}.Debug|Any CPU.ActiveCfg = Debug|Any CPU
		{6E783622-CC42-4096-8C98-A3404C65191C}.Debug|Any CPU.Build.0 = Debug|Any CPU
		{6E783622-CC42-4096-8C98-A3404C65191C}.Release|Any CPU.ActiveCfg = Release|Any CPU
		{6E783622-CC42-4096-8C98-A3404C65191C}.Release|Any CPU.Build.0 = Release|Any CPU
	EndGlobalSection
	GlobalSection(SolutionProperties) = preSolution
		HideSolutionNode = FALSE
	EndGlobalSection
	GlobalSection(ExtensibilityGlobals) = postSolution
		SolutionGuid = {ED5ED3F3-0A57-4E4C-8C16-F94AF437C649}
	EndGlobalSection
EndGlobal
